
Microsoft Visual Studio Solution File, Format Version 12.00
# Visual Studio Version 17
VisualStudioVersion = 17.8.34525.116
MinimumVisualStudioVersion = 10.0.40219.1
Project("{2150E333-8FDC-42A3-9474-1A3956D46DE8}") = "src", "src", "{B0CEF381-73A6-4A92-AC40-27475C4AE72B}"
EndProject
Project("{2150E333-8FDC-42A3-9474-1A3956D46DE8}") = "test", "test", "{60E7782A-0EF2-4DB5-BB54-BB6964901F4F}"
EndProject
Project("{2150E333-8FDC-42A3-9474-1A3956D46DE8}") = "API", "API", "{84F474C5-BB23-4A18-9DE1-E5D81931D623}"
EndProject
Project("{2150E333-8FDC-42A3-9474-1A3956D46DE8}") = "Core", "Core", "{C00A7DA5-CBE5-44A7-97F6-08099EA7F962}"
EndProject
Project("{2150E333-8FDC-42A3-9474-1A3956D46DE8}") = "Infrastructure", "Infrastructure", "{42B97D4D-9AC1-4D82-8E48-AD4ACA180F34}"
EndProject
Project("{2150E333-8FDC-42A3-9474-1A3956D46DE8}") = "UI", "UI", "{F12FE3AE-6C08-44F7-8E40-18D03C431001}"
EndProject
Project("{9A19103F-16F7-4668-BE54-9A1E7A4F7556}") = "HR_Management.Domain", "HR_Management.Domain\HR_Management.Domain.csproj", "{1C5935BF-B8E3-4CFD-AD77-132FFA2D4FC9}"
EndProject
Project("{9A19103F-16F7-4668-BE54-9A1E7A4F7556}") = "HR_Management.Application", "HR_Management.Application\HR_Management.Application.csproj", "{8612F5AB-230A-49D0-BDCD-5EE0B3E49C6A}"
EndProject
Project("{9A19103F-16F7-4668-BE54-9A1E7A4F7556}") = "HR_Management.Infrastructure", "HR_Management.Infrastructure\HR_Management.Infrastructure.csproj", "{59023650-E036-47D0-86B6-44EE66A5EECB}"
EndProject
Project("{9A19103F-16F7-4668-BE54-9A1E7A4F7556}") = "HR_Management.Persistence", "HR_Management.Persistence\HR_Management.Persistence.csproj", "{671D127A-B994-4241-BE91-3F115D14D1DE}"
EndProject
Project("{9A19103F-16F7-4668-BE54-9A1E7A4F7556}") = "HR_Management.Api", "HR_Management.Api\HR_Management.Api.csproj", "{F87B6F04-629D-44B0-81C2-E392CD02E14C}"
EndProject
Project("{9A19103F-16F7-4668-BE54-9A1E7A4F7556}") = "HR_Management.Application.UnitTests", "HR_Management.Application.UnitTests\HR_Management.Application.UnitTests.csproj", "{FAC028E6-0CA0-4C93-8636-B47D2E325775}"
EndProject
Project("{9A19103F-16F7-4668-BE54-9A1E7A4F7556}") = "HR_Management.MVC", "HR_Management.MVC\HR_Management.MVC.csproj", "{79392932-E58A-4418-8AF2-49C6C5CACB06}"
EndProject
Project("{FAE04EC0-301F-11D3-BF4B-00C04F79EFBC}") = "HR_Management.Identity", "HR_Management.Identity\HR_Management.Identity.csproj", "{20A4D209-0176-454E-AA3E-4D7387625A75}"
EndProject
Global
	GlobalSection(SolutionConfigurationPlatforms) = preSolution
		Debug|Any CPU = Debug|Any CPU
		Release|Any CPU = Release|Any CPU
	EndGlobalSection
	GlobalSection(ProjectConfigurationPlatforms) = postSolution
		{1C5935BF-B8E3-4CFD-AD77-132FFA2D4FC9}.Debug|Any CPU.ActiveCfg = Debug|Any CPU
		{1C5935BF-B8E3-4CFD-AD77-132FFA2D4FC9}.Debug|Any CPU.Build.0 = Debug|Any CPU
		{1C5935BF-B8E3-4CFD-AD77-132FFA2D4FC9}.Release|Any CPU.ActiveCfg = Release|Any CPU
		{1C5935BF-B8E3-4CFD-AD77-132FFA2D4FC9}.Release|Any CPU.Build.0 = Release|Any CPU
		{8612F5AB-230A-49D0-BDCD-5EE0B3E49C6A}.Debug|Any CPU.ActiveCfg = Debug|Any CPU
		{8612F5AB-230A-49D0-BDCD-5EE0B3E49C6A}.Debug|Any CPU.Build.0 = Debug|Any CPU
		{8612F5AB-230A-49D0-BDCD-5EE0B3E49C6A}.Release|Any CPU.ActiveCfg = Release|Any CPU
		{8612F5AB-230A-49D0-BDCD-5EE0B3E49C6A}.Release|Any CPU.Build.0 = Release|Any CPU
		{59023650-E036-47D0-86B6-44EE66A5EECB}.Debug|Any CPU.ActiveCfg = Debug|Any CPU
		{59023650-E036-47D0-86B6-44EE66A5EECB}.Debug|Any CPU.Build.0 = Debug|Any CPU
		{59023650-E036-47D0-86B6-44EE66A5EECB}.Release|Any CPU.ActiveCfg = Release|Any CPU
		{59023650-E036-47D0-86B6-44EE66A5EECB}.Release|Any CPU.Build.0 = Release|Any CPU
		{671D127A-B994-4241-BE91-3F115D14D1DE}.Debug|Any CPU.ActiveCfg = Debug|Any CPU
		{671D127A-B994-4241-BE91-3F115D14D1DE}.Debug|Any CPU.Build.0 = Debug|Any CPU
		{671D127A-B994-4241-BE91-3F115D14D1DE}.Release|Any CPU.ActiveCfg = Release|Any CPU
		{671D127A-B994-4241-BE91-3F115D14D1DE}.Release|Any CPU.Build.0 = Release|Any CPU
		{F87B6F04-629D-44B0-81C2-E392CD02E14C}.Debug|Any CPU.ActiveCfg = Debug|Any CPU
		{F87B6F04-629D-44B0-81C2-E392CD02E14C}.Debug|Any CPU.Build.0 = Debug|Any CPU
		{F87B6F04-629D-44B0-81C2-E392CD02E14C}.Release|Any CPU.ActiveCfg = Release|Any CPU
		{F87B6F04-629D-44B0-81C2-E392CD02E14C}.Release|Any CPU.Build.0 = Release|Any CPU
		{FAC028E6-0CA0-4C93-8636-B47D2E325775}.Debug|Any CPU.ActiveCfg = Debug|Any CPU
		{FAC028E6-0CA0-4C93-8636-B47D2E325775}.Debug|Any CPU.Build.0 = Debug|Any CPU
		{FAC028E6-0CA0-4C93-8636-B47D2E325775}.Release|Any CPU.ActiveCfg = Release|Any CPU
		{FAC028E6-0CA0-4C93-8636-B47D2E325775}.Release|Any CPU.Build.0 = Release|Any CPU
		{79392932-E58A-4418-8AF2-49C6C5CACB06}.Debug|Any CPU.ActiveCfg = Debug|Any CPU
		{79392932-E58A-4418-8AF2-49C6C5CACB06}.Debug|Any CPU.Build.0 = Debug|Any CPU
		{79392932-E58A-4418-8AF2-49C6C5CACB06}.Release|Any CPU.ActiveCfg = Release|Any CPU
		{79392932-E58A-4418-8AF2-49C6C5CACB06}.Release|Any CPU.Build.0 = Release|Any CPU
		{20A4D209-0176-454E-AA3E-4D7387625A75}.Debug|Any CPU.ActiveCfg = Debug|Any CPU
		{20A4D209-0176-454E-AA3E-4D7387625A75}.Debug|Any CPU.Build.0 = Debug|Any CPU
		{20A4D209-0176-454E-AA3E-4D7387625A75}.Release|Any CPU.ActiveCfg = Release|Any CPU
		{20A4D209-0176-454E-AA3E-4D7387625A75}.Release|Any CPU.Build.0 = Release|Any CPU
	EndGlobalSection
	GlobalSection(SolutionProperties) = preSolution
		HideSolutionNode = FALSE
	EndGlobalSection
	GlobalSection(NestedProjects) = preSolution
		{84F474C5-BB23-4A18-9DE1-E5D81931D623} = {B0CEF381-73A6-4A92-AC40-27475C4AE72B}
		{C00A7DA5-CBE5-44A7-97F6-08099EA7F962} = {B0CEF381-73A6-4A92-AC40-27475C4AE72B}
		{42B97D4D-9AC1-4D82-8E48-AD4ACA180F34} = {B0CEF381-73A6-4A92-AC40-27475C4AE72B}
		{F12FE3AE-6C08-44F7-8E40-18D03C431001} = {B0CEF381-73A6-4A92-AC40-27475C4AE72B}
		{1C5935BF-B8E3-4CFD-AD77-132FFA2D4FC9} = {C00A7DA5-CBE5-44A7-97F6-08099EA7F962}
		{8612F5AB-230A-49D0-BDCD-5EE0B3E49C6A} = {C00A7DA5-CBE5-44A7-97F6-08099EA7F962}
		{59023650-E036-47D0-86B6-44EE66A5EECB} = {42B97D4D-9AC1-4D82-8E48-AD4ACA180F34}
		{671D127A-B994-4241-BE91-3F115D14D1DE} = {42B97D4D-9AC1-4D82-8E48-AD4ACA180F34}
		{F87B6F04-629D-44B0-81C2-E392CD02E14C} = {84F474C5-BB23-4A18-9DE1-E5D81931D623}
		{FAC028E6-0CA0-4C93-8636-B47D2E325775} = {60E7782A-0EF2-4DB5-BB54-BB6964901F4F}
		{79392932-E58A-4418-8AF2-49C6C5CACB06} = {F12FE3AE-6C08-44F7-8E40-18D03C431001}
		{20A4D209-0176-454E-AA3E-4D7387625A75} = {42B97D4D-9AC1-4D82-8E48-AD4ACA180F34}
	EndGlobalSection
	GlobalSection(ExtensibilityGlobals) = postSolution
		SolutionGuid = {E786CA8C-8EEC-4862-9DCC-98237819C6CE}
	EndGlobalSection
EndGlobal
